
Microsoft Visual Studio Solution File, Format Version 12.00
# Visual Studio Version 16
VisualStudioVersion = 16.0.32630.194
MinimumVisualStudioVersion = 10.0.40219.1
Project("{FAE04EC0-301F-11D3-BF4B-00C04F79EFBC}") = "Controle_de_Estoque", "Controle de Estoque\Controle_de_Estoque.csproj", "{FACEF115-B0DB-4693-8005-B149507D4761}"
EndProject
Global
	GlobalSection(SolutionConfigurationPlatforms) = preSolution
		Debug|Any CPU = Debug|Any CPU
		Release|Any CPU = Release|Any CPU
	EndGlobalSection
	GlobalSection(ProjectConfigurationPlatforms) = postSolution
		{FACEF115-B0DB-4693-8005-B149507D4761}.Debug|Any CPU.ActiveCfg = Debug|Any CPU
		{FACEF115-B0DB-4693-8005-B149507D4761}.Debug|Any CPU.Build.0 = Debug|Any CPU
		{FACEF115-B0DB-4693-8005-B149507D4761}.Release|Any CPU.ActiveCfg = Release|Any CPU
		{FACEF115-B0DB-4693-8005-B149507D4761}.Release|Any CPU.Build.0 = Release|Any CPU
	EndGlobalSection
	GlobalSection(SolutionProperties) = preSolution
		HideSolutionNode = FALSE
	EndGlobalSection
	GlobalSection(ExtensibilityGlobals) = postSolution
		SolutionGuid = {88E2B7E9-5F83-46F4-B08E-005342284793}
	EndGlobalSection
EndGlobal
